---
lockfileVersion: '9.0'

importers:

  .:
    configDependencies: {}
    packageManagerDependencies:
      pnpm:
        specifier: 12.4.2
        version: 12.4.2

packages:

  '@pnpm/exe.android-arm64@12.4.2':
    resolution: {integrity: sha512-E255MbcQ0V1577M2BV0ajWuP7KmTPYA0jqZnk3rK6Lq3kTvZWulMMb7iqRmnLsQbyWTkMEB2CfyM70loVDA8xg==}
    cpu: [arm64]
    os: [android]

  '@pnpm/exe.android-x64@12.4.2':
    resolution: {integrity: sha512-J1pSeCUwuKxMG70ZzpWn8JzElxiEa8NN/3N0SlZRtU2xbztChaJCKF3HaBNIj9yPfeofWzJo/lwNvDDjraQuZw==}
    cpu: [x64]
    os: [android]

  '@pnpm/exe.darwin-arm64@12.4.2':
    resolution: {integrity: sha512-A0WDo8iErfZBXgrLseQxw8i8Y9ctUpOEl/Uu+cubnTzpD8tT9ykIB548L8YTM2WD4OS+ZOHSxy8aGZcvKq8PaQ==}
    cpu: [arm64]
    os: [darwin]

  '@pnpm/exe.darwin-x64@12.4.2':
    resolution: {integrity: sha512-MSgJdovBWHcb5DEOvfPH9yNi/T5O1Xa4ess+E1ESGo/5yuty7S4JoiIjami+fsNXfnoQMlwsMUqYU4zAvBcNCw==}
    cpu: [x64]
    os: [darwin]

  '@pnpm/exe.freebsd-x64@12.4.2':
    resolution: {integrity: sha512-h2YumlQSNvgbRPv+RXwABohX65f9bOBZn+jMIt7bFDISZPCzQ+Nvpt6Awbp4ip5PwQgYxbu5iREJ1fHE39Fm8A==}
    cpu: [x64]
    os: [freebsd]

  '@pnpm/exe.linux-arm64-musl@12.4.2':
    resolution: {integrity: sha512-LwSEtSEDTv6S51YLs3YvSkPyun/QmfMic1UGICUkPWFu6ByP43RdMlkKvmVkfGhAYCpnxO057vrmyJqtfZrPCA==}
    cpu: [arm64]
    os: [linux]
    libc: [musl]

  '@pnpm/exe.linux-arm64@12.4.2':
    resolution: {integrity: sha512-2dSiDXyhx+RTHsewxex8f/jVjqQXWJ2oow4kCVHEWdZKeBpgMxvZ6fHkTAUBJXgqhbKIDHvuNlZBP7gJfUWL5A==}
    cpu: [arm64]
    os: [linux]
    libc: [glibc]

  '@pnpm/exe.linux-ppc64@12.4.2':
    resolution: {integrity: sha512-8Itc+jQk+MTz04LS9D1RcH+VctAWmzM4l1cJQ+Sx7pAJNo7EKHdRMbC0Tok1jyQ7eEHNJZD5EleYneZqWfZM+g==}
    cpu: [ppc64]
    os: [linux]
    libc: [glibc]

  '@pnpm/exe.linux-riscv64@12.4.2':
    resolution: {integrity: sha512-hleOeqhTVpH+z9RVMGnxvU4ZnrkBUClWjCbHD9u6kwyqhGSpevoU1wTGish+CBRhmIgMAy9pAfFpqhbAKOKNfw==}
    cpu: [riscv64]
    os: [linux]
    libc: [glibc]

  '@pnpm/exe.linux-s390x@12.4.2':
    resolution: {integrity: sha512-LAsQRRdP9aToENR6dtcIJ9l+e1zMYOX0tQcLGpRyLPVBQcYRLlvAPcmDshsiIHQjp05SDa9FI0czX1ZQ1a7a/A==}
    cpu: [s390x]
    os: [linux]
    libc: [glibc]

  '@pnpm/exe.linux-x64-musl@12.4.2':
    resolution: {integrity: sha512-kzfzH2/0BWdTABK14Yj5a1xsdkTEQUp2eXEPNakaD9jKL025lq3hyaKHIz/gIZaPDMe/1bFFK/En4ztFlbBJxw==}
    cpu: [x64]
    os: [linux]
    libc: [musl]

  '@pnpm/exe.linux-x64@12.4.2':
    resolution: {integrity: sha512-/pbt0UVTa8NMDhzOWLQRfZ6G9ROKXlJPZtx845BqyWfc7hCrWXhTLBd70yO2y8+E+IWN3oHM1s/JsIQNGk1yvg==}
    cpu: [x64]
    os: [linux]
    libc: [glibc]

  '@pnpm/exe.win32-arm64@12.4.2':
    resolution: {integrity: sha512-PsW19e4dAUNpZ0cS9flaxFuAmpt2dKlH/Vvi8TZ4qyJjjQzue/CEsWm+6wKVP4CJ7IT8RdL4qh+soOPWIgF2Zw==}
    cpu: [arm64]
    os: [win32]

  '@pnpm/exe.win32-x64@12.4.2':
    resolution: {integrity: sha512-+xGoeE0g55ztWvl8i5QqdmNfW3nIrTVcoQrNshEOwxthm9Ag48oXton3uxOA3/SANyz5AXexEjj2KO20NnOrEw==}
    cpu: [x64]
    os: [win32]

  pnpm@12.4.2:
    resolution: {integrity: sha512-CK3GYTGAJ1x8ntraOdzwjJxhrU5+rzMKTzRh8QKw+QdCNFTRF/mOctR/7wYWBwZE17/8lzpqV/UJCm18NosHyQ==}
    engines: {node: '>=18.*'}
    hasBin: true

snapshots:

  '@pnpm/exe.android-arm64@12.4.2':
    optional: true

  '@pnpm/exe.android-x64@12.4.2':
    optional: true

  '@pnpm/exe.darwin-arm64@12.4.2':
    optional: true

  '@pnpm/exe.darwin-x64@12.4.2':
    optional: true

  '@pnpm/exe.freebsd-x64@12.4.2':
    optional: true

  '@pnpm/exe.linux-arm64-musl@12.4.2':
    optional: true

  '@pnpm/exe.linux-arm64@12.4.2':
    optional: true

  '@pnpm/exe.linux-ppc64@12.4.2':
    optional: true

  '@pnpm/exe.linux-riscv64@12.4.2':
    optional: true

  '@pnpm/exe.linux-s390x@12.4.2':
    optional: true

  '@pnpm/exe.linux-x64-musl@12.4.2':
    optional: true

  '@pnpm/exe.linux-x64@12.4.2':
    optional: true

  '@pnpm/exe.win32-arm64@12.4.2':
    optional: true

  '@pnpm/exe.win32-x64@12.4.2':
    optional: true

  pnpm@12.4.2:
    optionalDependencies:
      '@pnpm/exe.android-arm64': 12.4.2
      '@pnpm/exe.android-x64': 12.4.2
      '@pnpm/exe.darwin-arm64': 12.4.2
      '@pnpm/exe.darwin-x64': 12.4.2
      '@pnpm/exe.freebsd-x64': 12.4.2
      '@pnpm/exe.linux-arm64': 12.4.2
      '@pnpm/exe.linux-arm64-musl': 12.4.2
      '@pnpm/exe.linux-ppc64': 12.4.2
      '@pnpm/exe.linux-riscv64': 12.4.2
      '@pnpm/exe.linux-s390x': 12.4.2
      '@pnpm/exe.linux-x64': 12.4.2
      '@pnpm/exe.linux-x64-musl': 12.4.2
      '@pnpm/exe.win32-arm64': 12.4.2
      '@pnpm/exe.win32-x64': 12.4.2

---
lockfileVersion: '9.0'

settings:
  autoInstallPeers: true
  excludeLinksFromLockfile: false

importers:

  .:
    dependencies:
      '@actions/core':
        specifier: ^3.0.1
        version: 3.0.1
      '@actions/exec':
        specifier: ^3.0.0
        version: 3.0.0
      '@actions/io':
        specifier: ^3.0.2
        version: 3.0.2
      '@aws-sdk/client-ec2-instance-connect':
        specifier: ^3.1141.0
        version: 3.1141.0
      '@aws-sdk/client-ssm':
        specifier: ^3.1141.0
        version: 3.1141.0
    devDependencies:
      '@vercel/ncc':
        specifier: ^0.45.0
        version: 0.45.0
      oxlint:
        specifier: ^1.83.0
        version: 1.83.0

  dist/main: {}

  dist/post: {}

packages:

  '@actions/core@3.0.1':
    resolution: {integrity: sha512-a6d/Nwahm9fliVGRhdhofo40HjHQasUPusmc7vBfyky+7Z+P2A1J68zyFVaNcEclc/Se+eO595oAr5nwEIoIUA==}

  '@actions/exec@3.0.0':
    resolution: {integrity: sha512-6xH/puSoNBXb72VPlZVm7vQ+svQpFyA96qdDBvhB8eNZOE8LtPf9L4oAsfzK/crCL8YZ+19fKYVnM63Sl+Xzlw==}

  '@actions/http-client@4.0.1':
    resolution: {integrity: sha512-+Nvd1ImaOZBSoPbsUtEhv+1z99H12xzncCkz0a3RuehINE81FZSe2QTj3uvAPTcJX/SCzUQHQ0D1GrPMbrPitg==}

  '@actions/io@3.0.2':
    resolution: {integrity: sha512-nRBchcMM+QK1pdjO7/idu86rbJI5YHUKCvKs0KxnSYbVe3F51UfGxuZX4Qy/fWlp6l7gWFwIkrOzN+oUK03kfw==}

  '@aws-sdk/client-ec2-instance-connect@3.1141.0':
    resolution: {integrity: sha512-32nNyrC5XPRYsdJSF08V3/HVKdlJVh5zEcZn47m9dtfV4oqc7jdjBN2Y7lR6FZvc34Wm4svLyCq1sSPmXAibJg==}
    engines: {node: '>=20.0.0'}

  '@aws-sdk/client-ssm@3.1141.0':
    resolution: {integrity: sha512-zMGUGocXCtUYThen14djmU0c4BjHEpSeQIm/dhzZPN4Zr7ipogSTnpmZOlMv5zvOcmDwSlEGwCWbYjqZUhUEuw==}
    engines: {node: '>=20.0.0'}

  '@aws-sdk/core@3.978.1':
    resolution: {integrity: sha512-LbY9aGsEiznDWmUc30Nwv3aIX/+dbwTx8KfS0yOC3NPYMO+O91e6jkT1azf34FwjOndq8/Q+RcVVZz5xnerwdg==}
    engines: {node: '>=20.0.0'}

  '@aws-sdk/credential-provider-env@3.972.72':
    resolution: {integrity: sha512-xTKO/FWJPozTIXbozVnVGoNBhaGba8TBcx+KyUjRVeOlXE+dUc7GTR1cLvu0uTdIdmemzaFbqqCshXeZA1fZew==}
    engines: {node: '>=20.0.0'}

  '@aws-sdk/credential-provider-http@3.972.74':
    resolution: {integrity: sha512-u91E/hT8f4d1xy0Jl7VG4nVKJ3lxbrZkoBTeSVoJdWBiSEUMwMS/9+e0H/aJVQV//Lt5wuzP+E69v4aRSsNTmw==}
    engines: {node: '>=20.0.0'}

  '@aws-sdk/credential-provider-ini@3.973.17':
    resolution: {integrity: sha512-ged4KXdBkvIC81bLvNHHuQKdKak/VXhQTR1NWYTTqW0474nlmsxy9O/vlgTIohDDWH3xpBdtVMZRyjb+DnocDA==}
    engines: {node: '>=20.0.0'}

  '@aws-sdk/credential-provider-login@3.972.79':
    resolution: {integrity: sha512-L+Z85anONJd8MaiuraO4wRxATCdEejBZ3K3eymzWI5JPXa9sOS9CkIm72PBKqXKX+Z9p9NGMX5AIMXm0LEflgw==}
    engines: {node: '>=20.0.0'}

  '@aws-sdk/credential-provider-node@3.972.84':
    resolution: {integrity: sha512-oHt854odINVwzwsh+c5x69j0ajm4DbqqqVJ+O1ECsCIZeMDAbzFpXItaqP7UZstJj/ATdTk/KFSH0LaNAgV+kA==}
    engines: {node: '>=20.0.0'}

  '@aws-sdk/credential-provider-process@3.972.72':
    resolution: {integrity: sha512-rLIp2xbMjX/k9/od7APpqq1ZgXXnV0pOL1Th3ZsL8Wu0TRtBsDTVS8iPqcfRFcHakFxPvR04OSTv2ka2qOb/2A==}
    engines: {node: '>=20.0.0'}

  '@aws-sdk/credential-provider-sso@3.973.16':
    resolution: {integrity: sha512-IGihaJfFZYacJJr/odqILCoK7W/mvrZ7cuK7ECn3sAu4vLC6u0V8bS7mCGbdugJ8Aum2tnvqmx0F2MRFp2rn9g==}
    engines: {node: '>=20.0.0'}

  '@aws-sdk/credential-provider-web-identity@3.972.78':
    resolution: {integrity: sha512-/y9WvNtlcPBGLR0qc1a+9J/xtYZfVczvLUOuXaVWylzttH7ewsxwHtjmiJSolNrVSDorIxHGHMU61CbonRkmwA==}
    engines: {node: '>=20.0.0'}

  '@aws-sdk/nested-clients@3.997.46':
    resolution: {integrity: sha512-oRxtBcka/JGHGs9l9p9IVajGoTP8vTPmoAzdHGy4Qcy9P5vPnDf6nhIeM/COQNY9k/OahImTRaLkHftoXvfcmQ==}
    engines: {node: '>=20.0.0'}

  '@aws-sdk/signature-v4-multi-region@3.996.47':
    resolution: {integrity: sha512-Zk08macMvQTHzQJCLJVkOlviVoqwYMrpXv4lmLN7b7sAbiMoOK7Go0NYdR5UeF+MW8LIbRmwrNy9u/5VvX1U5g==}
    engines: {node: '>=20.0.0'}

  '@aws-sdk/token-providers@3.1138.0':
    resolution: {integrity: sha512-GpyAr0DD63YOEmYFM6Df+gJuIgC92MMTiBK4FTKfxii5MJ9ge20epR7LyroulscYlG89J+ZB2ivFDPjvfQhzdw==}
    engines: {node: '>=20.0.0'}

  '@aws-sdk/types@3.974.6':
    resolution: {integrity: sha512-v/clNZzZnDxGyvpHMOGpJKVXFAExJzUNAAjaWGdcx8QAcXLGwTaOkw33p5SHAi0YAioK32xB3hWwOekRVfmfKg==}
    engines: {node: '>=20.0.0'}

  '@aws-sdk/xml-builder@3.972.41':
    resolution: {integrity: sha512-ctjVSyCMegrWfXlx6VqzSBFI6UqmQ5ZlnfMhdLIiWmhoH8UAQxSCP5N3OpG7X3k4LnS7ou74C4mt20+bfTW2aQ==}
    engines: {node: '>=20.0.0'}

  '@aws/lambda-invoke-store@0.3.0':
    resolution: {integrity: sha512-sl4Bm6yiMNYrZKkqqDFWN0UfnWhlS8ivKxrYl+6t0gCLrqr8y3B2IqZZbFRkfaVVp7C/baApyh71P+LeE1A2sQ==}
    engines: {node: '>=18.0.0'}

  '@oxlint/binding-android-arm-eabi@1.83.0':
    resolution: {integrity: sha512-0yGY24EwsLk5YDe6F+VkmZyRHSwJDALa3nIrPpq7FXmp2lV2d0TzvBCGeZk+wgiULRGr5blhyr4QMp5KCXJUqA==}
    engines: {node: ^20.19.0 || >=22.12.0}
    cpu: [arm]
    os: [android]

  '@oxlint/binding-android-arm64@1.83.0':
    resolution: {integrity: sha512-hHfJ0vc17A4iUjH5p9BsTUPYbYRNxGpvD2lbu1aBRk54bzNIx9o5TtYF39QPZcV95DagZd+4DEAw2RH3G2ZsMg==}
    engines: {node: ^20.19.0 || >=22.12.0}
    cpu: [arm64]
    os: [android]

  '@oxlint/binding-darwin-arm64@1.83.0':
    resolution: {integrity: sha512-hsOjYjszLb/3zym/TkzUMPAoQlTJcuzSyEPOAyA+skXJIX9M0o+4JfOtqopX/Vf4hSLrJ98j0nvFo23gzk8auQ==}
    engines: {node: ^20.19.0 || >=22.12.0}
    cpu: [arm64]
    os: [darwin]

  '@oxlint/binding-darwin-x64@1.83.0':
    resolution: {integrity: sha512-mjh5oH2EA+wl5yRJYT9K9G61O2zFlpuv+yf2JwZOi0+dq2FnTUtm1h8i+5Ik0fXPWIu/k84I1psZR9aQsLAnyA==}
    engines: {node: ^20.19.0 || >=22.12.0}
    cpu: [x64]
    os: [darwin]

  '@oxlint/binding-freebsd-x64@1.83.0':
    resolution: {integrity: sha512-fNHr64/YaO8YssuoDVC8+F4Uk5enR86q5uxfHkQrjAPs1dbAILOrD2uaud+J7MO8Fx774g44ERLD0IGIvZE48w==}
    engines: {node: ^20.19.0 || >=22.12.0}
    cpu: [x64]
    os: [freebsd]

  '@oxlint/binding-linux-arm-gnueabihf@1.83.0':
    resolution: {integrity: sha512-Qpwy3zzAwMj+8/lyYItHmkSMwbkprFNWTK7jPYDOxSyxEhaSLOWYUTCMkjF334J8/WD0nznCCsoBbIH6hpsuIw==}
    engines: {node: ^20.19.0 || >=22.12.0}
    cpu: [arm]
    os: [linux]

  '@oxlint/binding-linux-arm-musleabihf@1.83.0':
    resolution: {integrity: sha512-s+BirYLFq7JL2k9sP0XI3ZXJ9dYvJ8sX3jLCLoag7tt+zrSHpZxP0jqznfL+Gdgwu7ay0dYgGYJXrQvq3iWloA==}
    engines: {node: ^20.19.0 || >=22.12.0}
    cpu: [arm]
    os: [linux]

  '@oxlint/binding-linux-arm64-gnu@1.83.0':
    resolution: {integrity: sha512-7lihXt3vKr+GIyapNbHrnFHm/biiW30le6Zv/DExbAFPF6YwCQXVFlONPFehxs0CpGO4CBfYPM9rdDT+XMoIlg==}
    engines: {node: ^20.19.0 || >=22.12.0}
    cpu: [arm64]
    os: [linux]
    libc: [glibc]

  '@oxlint/binding-linux-arm64-musl@1.83.0':
    resolution: {integrity: sha512-q63JalLYVkZiZvls1z3PPUnpmQluOMXp0khqQMznCeAPLGydfNY8JhvuA4WlK57JfrvikU8wB5lPVveqpIXvew==}
    engines: {node: ^20.19.0 || >=22.12.0}
    cpu: [arm64]
    os: [linux]
    libc: [musl]

  '@oxlint/binding-linux-ppc64-gnu@1.83.0':
    resolution: {integrity: sha512-krQmDF+dRbxvdqVPV88ZuOoPPu8X5BuqDA8Hd+qcS4YMRQCb+nexA57DazgGsc/rGdKBe3QmV0mnv0bdpW/p5g==}
    engines: {node: ^20.19.0 || >=22.12.0}
    cpu: [ppc64]
    os: [linux]
    libc: [glibc]

  '@oxlint/binding-linux-riscv64-gnu@1.83.0':
    resolution: {integrity: sha512-MmOl8Y6txEAXZU1RG8Rr264jQ6D7VPmqFsU/45x/FeWsGe32hklTqGrLE6UxHzp5Rjt0wP+20tY8YXKgSFB3mw==}
    engines: {node: ^20.19.0 || >=22.12.0}
    cpu: [riscv64]
    os: [linux]
    libc: [glibc]

  '@oxlint/binding-linux-riscv64-musl@1.83.0':
    resolution: {integrity: sha512-u1rMymh0W3JZkq370kzQsYPULGWqhE09pZRqnZvUSoYaI9pVO5yVX+iYIslmWuEgwuzH9YAaOsScJiobWCHoOw==}
    engines: {node: ^20.19.0 || >=22.12.0}
    cpu: [riscv64]
    os: [linux]
    libc: [musl]

  '@oxlint/binding-linux-s390x-gnu@1.83.0':
    resolution: {integrity: sha512-y0zK3HNwGysu7rqtE+BQG/d0bx5gh/KwlOtghN8oWeK1KcWzeaLqtZrbm8owqdma1lFyrce/hTO5ismuNu+INQ==}
    engines: {node: ^20.19.0 || >=22.12.0}
    cpu: [s390x]
    os: [linux]
    libc: [glibc]

  '@oxlint/binding-linux-x64-gnu@1.83.0':
    resolution: {integrity: sha512-rS5gM0NgD7ngmuJmbIehsidtrOwKkLFwCQbKEeb9KuyQrrWNq5Zkn0uV6AYdXOMJ0grrWEiLwBuvMxt8w5vsNw==}
    engines: {node: ^20.19.0 || >=22.12.0}
    cpu: [x64]
    os: [linux]
    libc: [glibc]

  '@oxlint/binding-linux-x64-musl@1.83.0':
    resolution: {integrity: sha512-W2IH4EtpcPaWcvNGCA95YoDg4vxqE/ZiPCi3arrxEEpsK7+JQN9WYwrlYFx9pcdP6KPXqRqkv3zdQPHcx7b6YQ==}
    engines: {node: ^20.19.0 || >=22.12.0}
    cpu: [x64]
    os: [linux]
    libc: [musl]

  '@oxlint/binding-openharmony-arm64@1.83.0':
    resolution: {integrity: sha512-6LyKkUyoajssTPLlZmDbZIbu4IZ5B4bGuRUnBgCGpEvHP3FQMaYITncHA/unPUo7q+Z+pIu2HhdkQ+8d1SG7iA==}
    engines: {node: ^20.19.0 || >=22.12.0}
    cpu: [arm64]
    os: [openharmony]

  '@oxlint/binding-win32-arm64-msvc@1.83.0':
    resolution: {integrity: sha512-Uz/fObEtF0jmNJQJ8CGRBKfefYstS0/wjD3s6IGzP8nUwsJykHQJBiN3npHwKiGRGn/vvBEgNr4B3cCzmmatvg==}
    engines: {node: ^20.19.0 || >=22.12.0}
    cpu: [arm64]
    os: [win32]

  '@oxlint/binding-win32-ia32-msvc@1.83.0':
    resolution: {integrity: sha512-u7XcvPW6Bk58tY5iWs2ESb0vJjoE/kuSpHxopbwp/p3ZtWVQXZ6wor5w3ssVTHOqd/v8b+QdhSFWQ4grEUNWpA==}
    engines: {node: ^20.19.0 || >=22.12.0}
    cpu: [ia32]
    os: [win32]

  '@oxlint/binding-win32-x64-msvc@1.83.0':
    resolution: {integrity: sha512-LZRubd7ph13QmAg4fFecTYVZkiYbROR2Htaxh/ufWRkDhPOm2wrwaEYR89e0YpPFD3dqBrPoxS7myBw5hmYA7Q==}
    engines: {node: ^20.19.0 || >=22.12.0}
    cpu: [x64]
    os: [win32]

  '@smithy/core@3.34.1':
    resolution: {integrity: sha512-dLcOUxz8YCv1RZUMKq6GbyUf95pLbrqh34bPvpCZ1+CByFF31BEAFewZjsGCnVsZTKdThNENfGyAgk2TJqVwSw==}
    engines: {node: '>=18.0.0'}

  '@smithy/core@3.35.0':
    resolution: {integrity: sha512-zRMhfkByhT2snNdr1si24vJitU6Cr9ix2MikUfWmkAgp4jrNP0GcKSP5YvwQ+TlI8AZXER5QOGJn3JsVtSD9/A==}
    engines: {node: '>=18.0.0'}

  '@smithy/credential-provider-imds@4.5.2':
    resolution: {integrity: sha512-A9uSdn72ozbRUSit0eib0TW7nXuNPlaeM0zcGkJ+nE6tFcSDbnmtwoxbTCFBukVQcszDAyvsd7+rTduPTXpygg==}
    engines: {node: '>=18.0.0'}

  '@smithy/fetch-http-handler@5.8.0':
    resolution: {integrity: sha512-ycSJu3tFAQ4v04CBB0agqFMVsSQ1iG3yw+SpgxRqKfaURpQD4CZ8Wn0zPMmSnOuTpTh65Vz+EA0rMrw089wvkA==}
    engines: {node: '>=18.0.0'}

  '@smithy/node-http-handler@4.12.1':
    resolution: {integrity: sha512-ThMkboGeONWXAelq9FvGsuJC4rOi+qyC4/zhUF58xYpxUg5sQKx2VXZYJmtNjr4dSuBJ1HeJXETQILCz3wOHvw==}
    engines: {node: '>=18.0.0'}

  '@smithy/signature-v4@5.7.3':
    resolution: {integrity: sha512-7ImGm+FkHRLcBaRttIAMZ6bzJZWb2cJGoYjq46F2UjycujWzrL9GEN9h4w7eQyXJYnltrUhxbbieBAIRrdqpow==}
    engines: {node: '>=18.0.0'}

  '@smithy/types@4.18.0':
    resolution: {integrity: sha512-CgB6HHWer/vrKps24ulRIbpcpb7K4xAU7SkZ7YHzBPlwHsvsrCJFEXK421s+cJzX+ZrqtA/TuU5w1HzI7k9N8A==}
    engines: {node: '>=18.0.0'}

  '@smithy/types@4.19.0':
    resolution: {integrity: sha512-r7jh49VJxGerfAcTQA6gXcKc+98zOp/tqRwzYjgOE+iSQsP6cEU1hq2QzbuipmP68QtYdY9wKEhiCQZIzHgZ4Q==}
    engines: {node: '>=18.0.0'}

  '@vercel/ncc@0.45.0':
    resolution: {integrity: sha512-8zPi1yO2mHpoKTD+e+Bf0ZT3e+sWHSOyGapm9s7b5R0gxJi3CiFTqmeQiMEyu6ejrz2s09M8JkEoUaTWjBJPQQ==}
    hasBin: true

  bowser@2.14.1:
    resolution: {integrity: sha512-tzPjzCxygAKWFOJP011oxFHs57HzIhOEracIgAePE4pqB3LikALKnSzUyU4MGs9/iCEUuHlAJTjTc5M+u7YEGg==}

  oxlint@1.83.0:
    resolution: {integrity: sha512-cyDzSzaw3uzP0TeCeq3lLRPPoaUxkbB4ZOXj+kn+5r+BX9V+4bNVGk9lxer+WrgcpebH4JxLlJ3KQjveVztOLQ==}
    engines: {node: ^20.19.0 || >=22.12.0}
    hasBin: true
    peerDependencies:
      oxlint-tsgolint: '>=7.0.2001'
      vite-plus: '*'
    peerDependenciesMeta:
      oxlint-tsgolint:
        optional: true
      vite-plus:
        optional: true

  tslib@2.8.1:
    resolution: {integrity: sha512-oJFu94HQb+KVduSUQL7wnpmqnfmLsOA/nAh6b6EH0wCEoK0/mPeXU6c3wKDV83MkOuHPRHtSXKKU99IBazS/2w==}

  tunnel@0.0.6:
    resolution: {integrity: sha512-1h/Lnq9yajKY2PEbBadPXj3VxsDDu844OnaAo52UVmIzIvwwtBPIuNvkjuzBlTWpfJyUbG3ez0KSBibQkj4ojg==}
    engines: {node: '>=0.6.11 <=0.7.0 || >=0.7.3'}

  undici@6.28.1:
    resolution: {integrity: sha512-zWpdTVD54H48CIybL0rWQ3ukpb9d23wM7eH5RtfdmeP70cWHNjtfo7P4vZX+5CoDcO53J4Pu5uXp7lNfjc6DRA==}
    engines: {node: '>=18.17'}

snapshots:

  '@actions/core@3.0.1':
    dependencies:
      '@actions/exec': 3.0.0
      '@actions/http-client': 4.0.1

  '@actions/exec@3.0.0':
    dependencies:
      '@actions/io': 3.0.2

  '@actions/http-client@4.0.1':
    dependencies:
      tunnel: 0.0.6
      undici: 6.28.1

  '@actions/io@3.0.2': {}

  '@aws-sdk/client-ec2-instance-connect@3.1141.0':
    dependencies:
      '@aws-sdk/core': 3.978.1
      '@aws-sdk/credential-provider-node': 3.972.84
      '@aws-sdk/types': 3.974.6
      '@smithy/core': 3.35.0
      '@smithy/fetch-http-handler': 5.8.0
      '@smithy/node-http-handler': 4.12.1
      '@smithy/types': 4.19.0
      tslib: 2.8.1

  '@aws-sdk/client-ssm@3.1141.0':
    dependencies:
      '@aws-sdk/core': 3.978.1
      '@aws-sdk/credential-provider-node': 3.972.84
      '@aws-sdk/types': 3.974.6
      '@smithy/core': 3.35.0
      '@smithy/fetch-http-handler': 5.8.0
      '@smithy/node-http-handler': 4.12.1
      '@smithy/types': 4.19.0
      tslib: 2.8.1

  '@aws-sdk/core@3.978.1':
    dependencies:
      '@aws-sdk/types': 3.974.6
      '@aws-sdk/xml-builder': 3.972.41
      '@aws/lambda-invoke-store': 0.3.0
      '@smithy/core': 3.35.0
      '@smithy/signature-v4': 5.7.3
      '@smithy/types': 4.19.0
      bowser: 2.14.1
      tslib: 2.8.1

  '@aws-sdk/credential-provider-env@3.972.72':
    dependencies:
      '@aws-sdk/core': 3.978.1
      '@aws-sdk/types': 3.974.6
      '@smithy/core': 3.35.0
      '@smithy/types': 4.19.0
      tslib: 2.8.1

  '@aws-sdk/credential-provider-http@3.972.74':
    dependencies:
      '@aws-sdk/core': 3.978.1
      '@aws-sdk/types': 3.974.6
      '@smithy/core': 3.35.0
      '@smithy/fetch-http-handler': 5.8.0
      '@smithy/node-http-handler': 4.12.1
      '@smithy/types': 4.19.0
      tslib: 2.8.1

  '@aws-sdk/credential-provider-ini@3.973.17':
    dependencies:
      '@aws-sdk/core': 3.978.1
      '@aws-sdk/credential-provider-env': 3.972.72
      '@aws-sdk/credential-provider-http': 3.972.74
      '@aws-sdk/credential-provider-login': 3.972.79
      '@aws-sdk/credential-provider-process': 3.972.72
      '@aws-sdk/credential-provider-sso': 3.973.16
      '@aws-sdk/credential-provider-web-identity': 3.972.78
      '@aws-sdk/nested-clients': 3.997.46
      '@aws-sdk/types': 3.974.6
      '@smithy/core': 3.35.0
      '@smithy/credential-provider-imds': 4.5.2
      '@smithy/types': 4.19.0
      tslib: 2.8.1

  '@aws-sdk/credential-provider-login@3.972.79':
    dependencies:
      '@aws-sdk/core': 3.978.1
      '@aws-sdk/nested-clients': 3.997.46
      '@aws-sdk/types': 3.974.6
      '@smithy/core': 3.35.0
      '@smithy/types': 4.19.0
      tslib: 2.8.1

  '@aws-sdk/credential-provider-node@3.972.84':
    dependencies:
      '@aws-sdk/credential-provider-env': 3.972.72
      '@aws-sdk/credential-provider-http': 3.972.74
      '@aws-sdk/credential-provider-ini': 3.973.17
      '@aws-sdk/credential-provider-process': 3.972.72
      '@aws-sdk/credential-provider-sso': 3.973.16
      '@aws-sdk/credential-provider-web-identity': 3.972.78
      '@aws-sdk/types': 3.974.6
      '@smithy/core': 3.35.0
      '@smithy/credential-provider-imds': 4.5.2
      '@smithy/types': 4.19.0
      tslib: 2.8.1

  '@aws-sdk/credential-provider-process@3.972.72':
    dependencies:
      '@aws-sdk/core': 3.978.1
      '@aws-sdk/types': 3.974.6
      '@smithy/core': 3.35.0
      '@smithy/types': 4.19.0
      tslib: 2.8.1

  '@aws-sdk/credential-provider-sso@3.973.16':
    dependencies:
      '@aws-sdk/core': 3.978.1
      '@aws-sdk/nested-clients': 3.997.46
      '@aws-sdk/token-providers': 3.1138.0
      '@aws-sdk/types': 3.974.6
      '@smithy/core': 3.35.0
      '@smithy/types': 4.19.0
      tslib: 2.8.1

  '@aws-sdk/credential-provider-web-identity@3.972.78':
    dependencies:
      '@aws-sdk/core': 3.978.1
      '@aws-sdk/nested-clients': 3.997.46
      '@aws-sdk/types': 3.974.6
      '@smithy/core': 3.35.0
      '@smithy/types': 4.19.0
      tslib: 2.8.1

  '@aws-sdk/nested-clients@3.997.46':
    dependencies:
      '@aws-sdk/core': 3.978.1
      '@aws-sdk/signature-v4-multi-region': 3.996.47
      '@aws-sdk/types': 3.974.6
      '@smithy/core': 3.35.0
      '@smithy/fetch-http-handler': 5.8.0
      '@smithy/node-http-handler': 4.12.1
      '@smithy/types': 4.19.0
      tslib: 2.8.1

  '@aws-sdk/signature-v4-multi-region@3.996.47':
    dependencies:
      '@aws-sdk/types': 3.974.6
      '@smithy/signature-v4': 5.7.3
      '@smithy/types': 4.19.0
      tslib: 2.8.1

  '@aws-sdk/token-providers@3.1138.0':
    dependencies:
      '@aws-sdk/core': 3.978.1
      '@aws-sdk/nested-clients': 3.997.46
      '@aws-sdk/types': 3.974.6
      '@smithy/core': 3.35.0
      '@smithy/types': 4.19.0
      tslib: 2.8.1

  '@aws-sdk/types@3.974.6':
    dependencies:
      '@smithy/types': 4.19.0
      tslib: 2.8.1

  '@aws-sdk/xml-builder@3.972.41':
    dependencies:
      '@smithy/types': 4.19.0
      tslib: 2.8.1

  '@aws/lambda-invoke-store@0.3.0': {}

  '@oxlint/binding-android-arm-eabi@1.83.0':
    optional: true

  '@oxlint/binding-android-arm64@1.83.0':
    optional: true

  '@oxlint/binding-darwin-arm64@1.83.0':
    optional: true

  '@oxlint/binding-darwin-x64@1.83.0':
    optional: true

  '@oxlint/binding-freebsd-x64@1.83.0':
    optional: true

  '@oxlint/binding-linux-arm-gnueabihf@1.83.0':
    optional: true

  '@oxlint/binding-linux-arm-musleabihf@1.83.0':
    optional: true

  '@oxlint/binding-linux-arm64-gnu@1.83.0':
    optional: true

  '@oxlint/binding-linux-arm64-musl@1.83.0':
    optional: true

  '@oxlint/binding-linux-ppc64-gnu@1.83.0':
    optional: true

  '@oxlint/binding-linux-riscv64-gnu@1.83.0':
    optional: true

  '@oxlint/binding-linux-riscv64-musl@1.83.0':
    optional: true

  '@oxlint/binding-linux-s390x-gnu@1.83.0':
    optional: true

  '@oxlint/binding-linux-x64-gnu@1.83.0':
    optional: true

  '@oxlint/binding-linux-x64-musl@1.83.0':
    optional: true

  '@oxlint/binding-openharmony-arm64@1.83.0':
    optional: true

  '@oxlint/binding-win32-arm64-msvc@1.83.0':
    optional: true

  '@oxlint/binding-win32-ia32-msvc@1.83.0':
    optional: true

  '@oxlint/binding-win32-x64-msvc@1.83.0':
    optional: true

  '@smithy/core@3.34.1':
    dependencies:
      '@smithy/types': 4.18.0
      tslib: 2.8.1

  '@smithy/core@3.35.0':
    dependencies:
      '@smithy/types': 4.19.0
      tslib: 2.8.1

  '@smithy/credential-provider-imds@4.5.2':
    dependencies:
      '@smithy/core': 3.34.1
      '@smithy/types': 4.18.0
      tslib: 2.8.1

  '@smithy/fetch-http-handler@5.8.0':
    dependencies:
      '@smithy/core': 3.34.1
      '@smithy/types': 4.18.0
      tslib: 2.8.1

  '@smithy/node-http-handler@4.12.1':
    dependencies:
      '@smithy/core': 3.34.1
      '@smithy/types': 4.18.0
      tslib: 2.8.1

  '@smithy/signature-v4@5.7.3':
    dependencies:
      '@smithy/core': 3.34.1
      '@smithy/types': 4.18.0
      tslib: 2.8.1

  '@smithy/types@4.18.0':
    dependencies:
      tslib: 2.8.1

  '@smithy/types@4.19.0':
    dependencies:
      tslib: 2.8.1

  '@vercel/ncc@0.45.0': {}

  bowser@2.14.1: {}

  oxlint@1.83.0:
    optionalDependencies:
      '@oxlint/binding-android-arm-eabi': 1.83.0
      '@oxlint/binding-android-arm64': 1.83.0
      '@oxlint/binding-darwin-arm64': 1.83.0
      '@oxlint/binding-darwin-x64': 1.83.0
      '@oxlint/binding-freebsd-x64': 1.83.0
      '@oxlint/binding-linux-arm-gnueabihf': 1.83.0
      '@oxlint/binding-linux-arm-musleabihf': 1.83.0
      '@oxlint/binding-linux-arm64-gnu': 1.83.0
      '@oxlint/binding-linux-arm64-musl': 1.83.0
      '@oxlint/binding-linux-ppc64-gnu': 1.83.0
      '@oxlint/binding-linux-riscv64-gnu': 1.83.0
      '@oxlint/binding-linux-riscv64-musl': 1.83.0
      '@oxlint/binding-linux-s390x-gnu': 1.83.0
      '@oxlint/binding-linux-x64-gnu': 1.83.0
      '@oxlint/binding-linux-x64-musl': 1.83.0
      '@oxlint/binding-openharmony-arm64': 1.83.0
      '@oxlint/binding-win32-arm64-msvc': 1.83.0
      '@oxlint/binding-win32-ia32-msvc': 1.83.0
      '@oxlint/binding-win32-x64-msvc': 1.83.0

  tslib@2.8.1: {}

  tunnel@0.0.6: {}

  undici@6.28.1: {}
